
Microsoft Visual Studio Solution File, Format Version 12.00
# Visual Studio Version 16
VisualStudioVersion = 16.0.31729.503
MinimumVisualStudioVersion = 10.0.40219.1
Project("{FAE04EC0-301F-11D3-BF4B-00C04F79EFBC}") = "NewGame", "NewGame\NewGame.csproj", "{1EA35FCE-547E-4E70-91DA-1C20F2DB7291}"
EndProject
Global
	GlobalSection(SolutionConfigurationPlatforms) = preSolution
		Debug|Any CPU = Debug|Any CPU
		Release|Any CPU = Release|Any CPU
	EndGlobalSection
	GlobalSection(ProjectConfigurationPlatforms) = postSolution
		{1EA35FCE-547E-4E70-91DA-1C20F2DB7291}.Debug|Any CPU.ActiveCfg = Debug|Any CPU
		{1EA35FCE-547E-4E70-91DA-1C20F2DB7291}.Debug|Any CPU.Build.0 = Debug|Any CPU
		{1EA35FCE-547E-4E70-91DA-1C20F2DB7291}.Release|Any CPU.ActiveCfg = Release|Any CPU
		{1EA35FCE-547E-4E70-91DA-1C20F2DB7291}.Release|Any CPU.Build.0 = Release|Any CPU
	EndGlobalSection
	GlobalSection(SolutionProperties) = preSolution
		HideSolutionNode = FALSE
	EndGlobalSection
	GlobalSection(ExtensibilityGlobals) = postSolution
		SolutionGuid = {7F935A1D-80AC-4B34-80A1-5B2ABF3F3B42}
	EndGlobalSection
EndGlobal
